github.com/AzureIvory/winui v0.0.0-20260320022018-08e683445961 h1:1/tqwHtlVmQD7Iav3lrX+ntqfFz24bOl0LgkOBtc8cc=
github.com/AzureIvory/winui v0.0.0-20260320022018-08e683445961/go.mod h1:Ef/WpTgPdjn9mwvwQaqts9Dk6blP8csUILK6JXv7fqA=
github.com/AzureIvory/winui v0.0.0-20260430031358-63d198351f97 h1:lW1iUKRFul+SqGCqWhCMhp5jFLo3E8sMuJexlBcppVw=
github.com/AzureIvory/winui v0.0.0-20260430031358-63d198351f97/go.mod h1:SgTDwLjYVac+/XDxWNAraGLQhLeA4KQ0NBLomSpdPMw=
github.com/AzureIvory/winui v0.0.0-20260506031225-5262d392387a h1:IARjkxgbVZKFQDszeLyDo5wNNiZTxlYRO8OJFn/Rmo0=
github.com/AzureIvory/winui v0.0.0-20260506031225-5262d392387a/go.mod h1:SgTDwLjYVac+/XDxWNAraGLQhLeA4KQ0NBLomSpdPMw=
github.com/AzureIvory/winui v0.0.0-20260507010134-7b61168b17b0 h1:WqmRNF+AYIWns5kLuYt999PIjBkAfIEgyFL1r55OXRo=
github.com/AzureIvory/winui v0.0.0-20260507010134-7b61168b17b0/go.mod h1:SgTDwLjYVac+/XDxWNAraGLQhLeA4KQ0NBLomSpdPMw=
github.com/AzureIvory/winui v0.0.0-20260617034450-5af77f0797bc h1:cQTNomXaHXIpOoetwg1YeDNQOTTtMqdEGFu6Wo3i/d4=
github.com/AzureIvory/winui v0.0.0-20260617034450-5af77f0797bc/go.mod h1:SgTDwLjYVac+/XDxWNAraGLQhLeA4KQ0NBLomSpdPMw=
github.com/AzureIvory/winui v0.0.0-20260617053449-806b6891370c h1:vuGGUya3sy/lfSeOa5b6P73dbnxn2uvrsgq3s+FtLuE=
github.com/AzureIvory/winui v0.0.0-20260617053449-806b6891370c/go.mod h1:SgTDwLjYVac+/XDxWNAraGLQhLeA4KQ0NBLomSpdPMw=
github.com/Microsoft/go-winio v0.4.14 h1:+hMXMk01us9KgxGb7ftKQt2Xpf5hH/yky+TDA+qxleU=
github.com/Microsoft/go-winio v0.4.14/go.mod h1:qXqCSQ3Xa7+6tgxaGTIe4Kpcdsi+P8jBhyzoq1bpyYA=
github.com/bi-zone/etw v0.0.0-20210519083747-fe9042eb0ea8 h1:mu/7j4dwooeHJVd40dlsefisptEztBbFMcmxp+LvBLw=
github.com/bi-zone/etw v0.0.0-20210519083747-fe9042eb0ea8/go.mod h1:zKqsOt4mtyCJdf0+N6gOlEuQYz7glH2dVg7GiNpY67M=
github.com/davecgh/go-spew v1.1.1 h1:vj9j/u1bqnvCEfJOwUhtlOARqs3+rkHYY13jYWTU97c=
github.com/davecgh/go-spew v1.1.1/go.mod h1:J7Y8YcW2NihsgmVo/mv3lAwl/skON4iLHjSsI+c5H38=
github.com/konsorten/go-windows-terminal-sequences v1.0.1/go.mod h1:T0+1ngSBFLxvqU3pZ+m/2kptfBszLMUkC4ZK/EgS/cQ=
github.com/pkg/errors v0.8.1/go.mod h1:bwawxfHBFNV+L2hUp1rHADufV3IMtnDRdf1r5NINEl0=
github.com/pmezard/go-difflib v1.0.0 h1:4DBwDE0NGyQoBHbLQYPwSUPoCMWR5BEzIk/f1lZbAQM=
github.com/pmezard/go-difflib v1.0.0/go.mod h1:iKH77koFhYxTK1pcRnkKkqfTogsbg7gZNVY4sRDYZ/4=
github.com/sirupsen/logrus v1.4.1/go.mod h1:ni0Sbl8bgC9z8RoU9G6nDWqqs/fq4eDPysMBDgk/93Q=
github.com/stretchr/objx v0.1.1/go.mod h1:HFkY916IF+rwdDfMAkV7OtwuqBVzrE8GR6GFx+wExME=
github.com/stretchr/testify v1.2.2 h1:bSDNvY7ZPG5RlJ8otE/7V6gMiyenm9RtJ7IUVIAoJ1w=
github.com/stretchr/testify v1.2.2/go.mod h1:a8OnRcib4nhh0OaRAV+Yts87kKdq0PP7pXfy6kDkUVs=
golang.org/x/image v0.39.0 h1:skVYidAEVKgn8lZ602XO75asgXBgLj9G/FE3RbuPFww=
golang.org/x/image v0.39.0/go.mod h1:sIbmppfU+xFLPIG0FoVUTvyBMmgng1/XAMhQ2ft0hpA=
golang.org/x/sys v0.0.0-20180905080454-ebe1bf3edb33/go.mod h1:STP8DvDyc/dI5b8T5hshtkjS+E42TnysNCUPdjciGhY=
golang.org/x/sys v0.0.0-20190507160741-ecd444e8653b/go.mod h1:h1NjWce9XRLGQEsW7wpKNCjG9DtNlClVuFLEZdDNbEs=
golang.org/x/sys v0.0.0-20200302150141-5c8b2ff67527/go.mod h1:h1NjWce9XRLGQEsW7wpKNCjG9DtNlClVuFLEZdDNbEs=
golang.org/x/sys v0.38.0 h1:3yZWxaJjBmCWXqhN1qh02AkOnCQ1poK6oF+a7xWL6Gc=
golang.org/x/sys v0.38.0/go.mod h1:OgkHotnGiDImocRcuBABYBEXf8A9a87e/uXjp9XT3ks=
